
Microsoft Visual Studio Solution File, Format Version 12.00
# Visual Studio 15
VisualStudioVersion = 15.0.28307.572
MinimumVisualStudioVersion = 10.0.40219.1
Project("{FAE04EC0-301F-11D3-BF4B-00C04F79EFBC}") = "AwesomeSequencer", "AwesomeSequencer\AwesomeSequencer.csproj", "{D14B23FB-2432-46DE-B4A2-E1F0586AD35D}"
EndProject
Project("{FAE04EC0-301F-11D3-BF4B-00C04F79EFBC}") = "AwesomeSequencer.Core", "AwesomeSequencer.Core\AwesomeSequencer.Core.csproj", "{399511AA-8765-4D7B-B5B1-684C885A8137}"
EndProject
Project("{FAE04EC0-301F-11D3-BF4B-00C04F79EFBC}") = "AwesomeSequencer.DeviceServer", "AwesomeSequencer.DeviceServer\AwesomeSequencer.DeviceServer.csproj", "{E9ABFFF9-EF7D-4242-AE92-7727BC7325B7}"
EndProject
Global
	GlobalSection(SolutionConfigurationPlatforms) = preSolution
		Debug|Any CPU = Debug|Any CPU
		Release|Any CPU = Release|Any CPU
	EndGlobalSection
	GlobalSection(ProjectConfigurationPlatforms) = postSolution
		{D14B23FB-2432-46DE-B4A2-E1F0586AD35D}.Debug|Any CPU.ActiveCfg = Debug|Any CPU
		{D14B23FB-2432-46DE-B4A2-E1F0586AD35D}.Debug|Any CPU.Build.0 = Debug|Any CPU
		{D14B23FB-2432-46DE-B4A2-E1F0586AD35D}.Release|Any CPU.ActiveCfg = Release|Any CPU
		{D14B23FB-2432-46DE-B4A2-E1F0586AD35D}.Release|Any CPU.Build.0 = Release|Any CPU
		{399511AA-8765-4D7B-B5B1-684C885A8137}.Debug|Any CPU.ActiveCfg = Debug|Any CPU
		{399511AA-8765-4D7B-B5B1-684C885A8137}.Debug|Any CPU.Build.0 = Debug|Any CPU
		{399511AA-8765-4D7B-B5B1-684C885A8137}.Release|Any CPU.ActiveCfg = Release|Any CPU
		{399511AA-8765-4D7B-B5B1-684C885A8137}.Release|Any CPU.Build.0 = Release|Any CPU
		{E9ABFFF9-EF7D-4242-AE92-7727BC7325B7}.Debug|Any CPU.ActiveCfg = Debug|Any CPU
		{E9ABFFF9-EF7D-4242-AE92-7727BC7325B7}.Debug|Any CPU.Build.0 = Debug|Any CPU
		{E9ABFFF9-EF7D-4242-AE92-7727BC7325B7}.Release|Any CPU.ActiveCfg = Release|Any CPU
		{E9ABFFF9-EF7D-4242-AE92-7727BC7325B7}.Release|Any CPU.Build.0 = Release|Any CPU
	EndGlobalSection
	GlobalSection(SolutionProperties) = preSolution
		HideSolutionNode = FALSE
	EndGlobalSection
	GlobalSection(ExtensibilityGlobals) = postSolution
		SolutionGuid = {05979425-4D76-427D-A23F-3F9C78041ACF}
	EndGlobalSection
EndGlobal
